
Microsoft Visual Studio Solution File, Format Version 12.00
# Visual Studio Version 17
VisualStudioVersion = 17.5.33530.505
MinimumVisualStudioVersion = 10.0.40219.1
Project("{FAE04EC0-301F-11D3-BF4B-00C04F79EFBC}") = "WindowsFormsApp1", "WindowsFormsApp1.csproj", "{0131D8D5-1E04-41BD-91DD-9BA3DFADB5DB}"
EndProject
Global
	GlobalSection(SolutionConfigurationPlatforms) = preSolution
		Debug|Any CPU = Debug|Any CPU
		Release|Any CPU = Release|Any CPU
	EndGlobalSection
	GlobalSection(ProjectConfigurationPlatforms) = postSolution
		{0131D8D5-1E04-41BD-91DD-9BA3DFADB5DB}.Debug|Any CPU.ActiveCfg = Debug|Any CPU
		{0131D8D5-1E04-41BD-91DD-9BA3DFADB5DB}.Debug|Any CPU.Build.0 = Debug|Any CPU
		{0131D8D5-1E04-41BD-91DD-9BA3DFADB5DB}.Release|Any CPU.ActiveCfg = Release|Any CPU
		{0131D8D5-1E04-41BD-91DD-9BA3DFADB5DB}.Release|Any CPU.Build.0 = Release|Any CPU
	EndGlobalSection
	GlobalSection(SolutionProperties) = preSolution
		HideSolutionNode = FALSE
	EndGlobalSection
	GlobalSection(ExtensibilityGlobals) = postSolution
		SolutionGuid = {8F398BC3-6A60-4A51-92AB-3B878779D2DE}
	EndGlobalSection
EndGlobal
